
Microsoft Visual Studio Solution File, Format Version 12.00
# Visual Studio Version 17
VisualStudioVersion = 17.12.35521.163
MinimumVisualStudioVersion = 10.0.40219.1
Project("{9A19103F-16F7-4668-BE54-9A1E7A4F7556}") = "VRoidHubLoader", "VRoidHubLoader\VRoidHubLoader.csproj", "{F0818518-D69D-4750-9576-78D4A8D85D94}"
EndProject
Global
	GlobalSection(SolutionConfigurationPlatforms) = preSolution
		BepInEx|Any CPU = BepInEx|Any CPU
		Debug|Any CPU = Debug|Any CPU
		MelonLoader|Any CPU = MelonLoader|Any CPU
		Release|Any CPU = Release|Any CPU
	EndGlobalSection
	GlobalSection(ProjectConfigurationPlatforms) = postSolution
		{F0818518-D69D-4750-9576-78D4A8D85D94}.BepInEx|Any CPU.ActiveCfg = BepInEx|Any CPU
		{F0818518-D69D-4750-9576-78D4A8D85D94}.BepInEx|Any CPU.Build.0 = BepInEx|Any CPU
		{F0818518-D69D-4750-9576-78D4A8D85D94}.Debug|Any CPU.ActiveCfg = Debug|Any CPU
		{F0818518-D69D-4750-9576-78D4A8D85D94}.Debug|Any CPU.Build.0 = Debug|Any CPU
		{F0818518-D69D-4750-9576-78D4A8D85D94}.MelonLoader|Any CPU.ActiveCfg = MelonLoader|Any CPU
		{F0818518-D69D-4750-9576-78D4A8D85D94}.MelonLoader|Any CPU.Build.0 = MelonLoader|Any CPU
		{F0818518-D69D-4750-9576-78D4A8D85D94}.Release|Any CPU.ActiveCfg = BepInEx|Any CPU
		{F0818518-D69D-4750-9576-78D4A8D85D94}.Release|Any CPU.Build.0 = BepInEx|Any CPU
	EndGlobalSection
	GlobalSection(SolutionProperties) = preSolution
		HideSolutionNode = FALSE
	EndGlobalSection
	GlobalSection(ExtensibilityGlobals) = postSolution
		SolutionGuid = {6A6D76C7-4A0F-4EEA-BE9F-B7F07DBB17B4}
	EndGlobalSection
EndGlobal
